
Microsoft Visual Studio Solution File, Format Version 12.00
# Visual Studio 15
VisualStudioVersion = 15.0.28307.572
MinimumVisualStudioVersion = 10.0.40219.1
Project("{FAE04EC0-301F-11D3-BF4B-00C04F79EFBC}") = "SigmaCore", "SigmaCore\SigmaCore.csproj", "{1419EA73-A106-434A-9190-F75D44B6DA4F}"
EndProject
Global
	GlobalSection(SolutionConfigurationPlatforms) = preSolution
		Debug|Any CPU = Debug|Any CPU
		Release|Any CPU = Release|Any CPU
	EndGlobalSection
	GlobalSection(ProjectConfigurationPlatforms) = postSolution
		{1419EA73-A106-434A-9190-F75D44B6DA4F}.Debug|Any CPU.ActiveCfg = Debug|Any CPU
		{1419EA73-A106-434A-9190-F75D44B6DA4F}.Debug|Any CPU.Build.0 = Debug|Any CPU
		{1419EA73-A106-434A-9190-F75D44B6DA4F}.Release|Any CPU.ActiveCfg = Release|Any CPU
		{1419EA73-A106-434A-9190-F75D44B6DA4F}.Release|Any CPU.Build.0 = Release|Any CPU
	EndGlobalSection
	GlobalSection(SolutionProperties) = preSolution
		HideSolutionNode = FALSE
	EndGlobalSection
	GlobalSection(ExtensibilityGlobals) = postSolution
		SolutionGuid = {182816EB-6A5C-4392-9ABA-A87F0AC9CB8E}
	EndGlobalSection
EndGlobal
